// !$*UTF8*$!
{
	archiveVersion = 1;
	classes = {
	};
	objectVersion = 77;
	objects = {

/* Begin PBXBuildFile section */
		5F4E90172CEEFF8A005FED5A /* FirebaseFirestore in Frameworks */ = {isa = PBXBuildFile; productRef = 5F4E90162CEEFF8A005FED5A /* FirebaseFirestore */; };
		5F61C9BE2CE6A87B005C8A32 /* FirebaseAuth in Frameworks */ = {isa = PBXBuildFile; productRef = 5F61C9BD2CE6A87B005C8A32 /* FirebaseAuth */; };
		5FB4646F2CE2A5B600107218 /* FirebaseAnalytics in Frameworks */ = {isa = PBXBuildFile; productRef = 5FB4646E2CE2A5B600107218 /* FirebaseAnalytics */; };
/* End PBXBuildFile section */

/* Begin PBXContainerItemProxy section */
		5F6B52722CBAF32B00C9CE52 /* PBXContainerItemProxy */ = {
			isa = PBXContainerItemProxy;
			containerPortal = 5F6B52592CBAF32900C9CE52 /* Project object */;
			proxyType = 1;
			remoteGlobalIDString = 5F6B52602CBAF32900C9CE52;
			remoteInfo = RecipeDeck;
		};
		5F6B527C2CBAF32B00C9CE52 /* PBXContainerItemProxy */ = {
			isa = PBXContainerItemProxy;
			containerPortal = 5F6B52592CBAF32900C9CE52 /* Project object */;
			proxyType = 1;
			remoteGlobalIDString = 5F6B52602CBAF32900C9CE52;
			remoteInfo = RecipeDeck;
		};
/* End PBXContainerItemProxy section */

/* Begin PBXFileReference section */
		5F6B52612CBAF32900C9CE52 /* RecipeDeck.app */ = {isa = PBXFileReference; explicitFileType = wrapper.application; includeInIndex = 0; path = RecipeDeck.app; sourceTree = BUILT_PRODUCTS_DIR; };
		5F6B52712CBAF32B00C9CE52 /* RecipeDeckTests.xctest */ = {isa = PBXFileReference; explicitFileType = wrapper.cfbundle; includeInIndex = 0; path = RecipeDeckTests.xctest; sourceTree = BUILT_PRODUCTS_DIR; };
		5F6B527B2CBAF32B00C9CE52 /* RecipeDeckUITests.xctest */ = {isa = PBXFileReference; explicitFileType = wrapper.cfbundle; includeInIndex = 0; path = RecipeDeckUITests.xctest; sourceTree = BUILT_PRODUCTS_DIR; };
/* End PBXFileReference section */

/* Begin PBXFileSystemSynchronizedBuildFileExceptionSet section */
		5FB4646B2CE29F8B00107218 /* Exceptions for "RecipeDeck" folder in "RecipeDeckTests" target */ = {
			isa = PBXFileSystemSynchronizedBuildFileExceptionSet;
			membershipExceptions = (
				"GoogleService-Info.plist",
			);
			target = 5F6B52702CBAF32B00C9CE52 /* RecipeDeckTests */;
		};
		5FB4646C2CE29F8B00107218 /* Exceptions for "RecipeDeck" folder in "RecipeDeckUITests" target */ = {
			isa = PBXFileSystemSynchronizedBuildFileExceptionSet;
			membershipExceptions = (
				"GoogleService-Info.plist",
			);
			target = 5F6B527A2CBAF32B00C9CE52 /* RecipeDeckUITests */;
		};
/* End PBXFileSystemSynchronizedBuildFileExceptionSet section */

/* Begin PBXFileSystemSynchronizedRootGroup section */
		5F6B52632CBAF32900C9CE52 /* RecipeDeck */ = {
			isa = PBXFileSystemSynchronizedRootGroup;
			exceptions = (
				5FB4646B2CE29F8B00107218 /* Exceptions for "RecipeDeck" folder in "RecipeDeckTests" target */,
				5FB4646C2CE29F8B00107218 /* Exceptions for "RecipeDeck" folder in "RecipeDeckUITests" target */,
			);
			path = RecipeDeck;
			sourceTree = "<group>";
		};
		5F6B52742CBAF32B00C9CE52 /* RecipeDeckTests */ = {
			isa = PBXFileSystemSynchronizedRootGroup;
			path = RecipeDeckTests;
			sourceTree = "<group>";
		};
		5F6B527E2CBAF32B00C9CE52 /* RecipeDeckUITests */ = {
			isa = PBXFileSystemSynchronizedRootGroup;
			path = RecipeDeckUITests;
			sourceTree = "<group>";
		};
/* End PBXFileSystemSynchronizedRootGroup section */

/* Begin PBXFrameworksBuildPhase section */
		5F6B525E2CBAF32900C9CE52 /* Frameworks */ = {
			isa = PBXFrameworksBuildPhase;
			buildActionMask = 2147483647;
			files = (
				5FB4646F2CE2A5B600107218 /* FirebaseAnalytics in Frameworks */,
				5F61C9BE2CE6A87B005C8A32 /* FirebaseAuth in Frameworks */,
				5F4E90172CEEFF8A005FED5A /* FirebaseFirestore in Frameworks */,
			);
			runOnlyForDeploymentPostprocessing = 0;
		};
		5F6B526E2CBAF32B00C9CE52 /* Frameworks */ = {
			isa = PBXFrameworksBuildPhase;
			buildActionMask = 2147483647;
			files = (
			);
			runOnlyForDeploymentPostprocessing = 0;
		};
		5F6B52782CBAF32B00C9CE52 /* Frameworks */ = {
			isa = PBXFrameworksBuildPhase;
			buildActionMask = 2147483647;
			files = (
			);
			runOnlyForDeploymentPostprocessing = 0;
		};
/* End PBXFrameworksBuildPhase section */

/* Begin PBXGroup section */
		5F61C9BC2CE6A87A005C8A32 /* Frameworks */ = {
			isa = PBXGroup;
			children = (
			);
			name = Frameworks;
			sourceTree = "<group>";
		};
		5F6B52582CBAF32900C9CE52 = {
			isa = PBXGroup;
			children = (
				5F6B52632CBAF32900C9CE52 /* RecipeDeck */,
				5F6B52742CBAF32B00C9CE52 /* RecipeDeckTests */,
				5F6B527E2CBAF32B00C9CE52 /* RecipeDeckUITests */,
				5F61C9BC2CE6A87A005C8A32 /* Frameworks */,
				5F6B52622CBAF32900C9CE52 /* Products */,
			);
			sourceTree = "<group>";
		};
		5F6B52622CBAF32900C9CE52 /* Products */ = {
			isa = PBXGroup;
			children = (
				5F6B52612CBAF32900C9CE52 /* RecipeDeck.app */,
				5F6B52712CBAF32B00C9CE52 /* RecipeDeckTests.xctest */,
				5F6B527B2CBAF32B00C9CE52 /* RecipeDeckUITests.xctest */,
			);
			name = Products;
			sourceTree = "<group>";
		};
/* End PBXGroup section */

/* Begin PBXNativeTarget section */
		5F6B52602CBAF32900C9CE52 /* RecipeDeck */ = {
			isa = PBXNativeTarget;
			buildConfigurationList = 5F6B52852CBAF32B00C9CE52 /* Build configuration list for PBXNativeTarget "RecipeDeck" */;
			buildPhases = (
				5F6B525D2CBAF32900C9CE52 /* Sources */,
				5F6B525E2CBAF32900C9CE52 /* Frameworks */,
				5F6B525F2CBAF32900C9CE52 /* Resources */,
			);
			buildRules = (
			);
			dependencies = (
			);
			fileSystemSynchronizedGroups = (
				5F6B52632CBAF32900C9CE52 /* RecipeDeck */,
			);
			name = RecipeDeck;
			packageProductDependencies = (
				5FB4646E2CE2A5B600107218 /* FirebaseAnalytics */,
				5F61C9BD2CE6A87B005C8A32 /* FirebaseAuth */,
				5F4E90162CEEFF8A005FED5A /* FirebaseFirestore */,
			);
			productName = RecipeDeck;
			productReference = 5F6B52612CBAF32900C9CE52 /* RecipeDeck.app */;
			productType = "com.apple.product-type.application";
		};
		5F6B52702CBAF32B00C9CE52 /* RecipeDeckTests */ = {
			isa = PBXNativeTarget;
			buildConfigurationList = 5F6B52882CBAF32B00C9CE52 /* Build configuration list for PBXNativeTarget "RecipeDeckTests" */;
			buildPhases = (
				5F6B526D2CBAF32B00C9CE52 /* Sources */,
				5F6B526E2CBAF32B00C9CE52 /* Frameworks */,
				5F6B526F2CBAF32B00C9CE52 /* Resources */,
			);
			buildRules = (
			);
			dependencies = (
				5F6B52732CBAF32B00C9CE52 /* PBXTargetDependency */,
			);
			fileSystemSynchronizedGroups = (
				5F6B52742CBAF32B00C9CE52 /* RecipeDeckTests */,
			);
			name = RecipeDeckTests;
			packageProductDependencies = (
			);
			productName = RecipeDeckTests;
			productReference = 5F6B52712CBAF32B00C9CE52 /* RecipeDeckTests.xctest */;
			productType = "com.apple.product-type.bundle.unit-test";
		};
		5F6B527A2CBAF32B00C9CE52 /* RecipeDeckUITests */ = {
			isa = PBXNativeTarget;
			buildConfigurationList = 5F6B528B2CBAF32B00C9CE52 /* Build configuration list for PBXNativeTarget "RecipeDeckUITests" */;
			buildPhases = (
				5F6B52772CBAF32B00C9CE52 /* Sources */,
				5F6B52782CBAF32B00C9CE52 /* Frameworks */,
				5F6B52792CBAF32B00C9CE52 /* Resources */,
			);
			buildRules = (
			);
			dependencies = (
				5F6B527D2CBAF32B00C9CE52 /* PBXTargetDependency */,
			);
			fileSystemSynchronizedGroups = (
				5F6B527E2CBAF32B00C9CE52 /* RecipeDeckUITests */,
			);
			name = RecipeDeckUITests;
			packageProductDependencies = (
			);
			productName = RecipeDeckUITests;
			productReference = 5F6B527B2CBAF32B00C9CE52 /* RecipeDeckUITests.xctest */;
			productType = "com.apple.product-type.bundle.ui-testing";
		};
/* End PBXNativeTarget section */

/* Begin PBXProject section */
		5F6B52592CBAF32900C9CE52 /* Project object */ = {
			isa = PBXProject;
			attributes = {
				BuildIndependentTargetsInParallel = 1;
				LastSwiftUpdateCheck = 1600;
				LastUpgradeCheck = 1600;
				TargetAttributes = {
					5F6B52602CBAF32900C9CE52 = {
						CreatedOnToolsVersion = 16.0;
					};
					5F6B52702CBAF32B00C9CE52 = {
						CreatedOnToolsVersion = 16.0;
						TestTargetID = 5F6B52602CBAF32900C9CE52;
					};
					5F6B527A2CBAF32B00C9CE52 = {
						CreatedOnToolsVersion = 16.0;
						TestTargetID = 5F6B52602CBAF32900C9CE52;
					};
				};
			};
			buildConfigurationList = 5F6B525C2CBAF32900C9CE52 /* Build configuration list for PBXProject "RecipeDeck" */;
			developmentRegion = en;
			hasScannedForEncodings = 0;
			knownRegions = (
				en,
				Base,
			);
			mainGroup = 5F6B52582CBAF32900C9CE52;
			minimizedProjectReferenceProxies = 1;
			packageReferences = (
				5FB4646D2CE2A5B600107218 /* XCRemoteSwiftPackageReference "firebase-ios-sdk" */,
			);
			preferredProjectObjectVersion = 77;
			productRefGroup = 5F6B52622CBAF32900C9CE52 /* Products */;
			projectDirPath = "";
			projectRoot = "";
			targets = (
				5F6B52602CBAF32900C9CE52 /* RecipeDeck */,
				5F6B52702CBAF32B00C9CE52 /* RecipeDeckTests */,
				5F6B527A2CBAF32B00C9CE52 /* RecipeDeckUITests */,
			);
		};
/* End PBXProject section */

/* Begin PBXResourcesBuildPhase section */
		5F6B525F2CBAF32900C9CE52 /* Resources */ = {
			isa = PBXResourcesBuildPhase;
			buildActionMask = 2147483647;
			files = (
			);
			runOnlyForDeploymentPostprocessing = 0;
		};
		5F6B526F2CBAF32B00C9CE52 /* Resources */ = {
			isa = PBXResourcesBuildPhase;
			buildActionMask = 2147483647;
			files = (
			);
			runOnlyForDeploymentPostprocessing = 0;
		};
		5F6B52792CBAF32B00C9CE52 /* Resources */ = {
			isa = PBXResourcesBuildPhase;
			buildActionMask = 2147483647;
			files = (
			);
			runOnlyForDeploymentPostprocessing = 0;
		};
/* End PBXResourcesBuildPhase section */

/* Begin PBXSourcesBuildPhase section */
		5F6B525D2CBAF32900C9CE52 /* Sources */ = {
			isa = PBXSourcesBuildPhase;
			buildActionMask = 2147483647;
			files = (
			);
			runOnlyForDeploymentPostprocessing = 0;
		};
		5F6B526D2CBAF32B00C9CE52 /* Sources */ = {
			isa = PBXSourcesBuildPhase;
			buildActionMask = 2147483647;
			files = (
			);
			runOnlyForDeploymentPostprocessing = 0;
		};
		5F6B52772CBAF32B00C9CE52 /* Sources */ = {
			isa = PBXSourcesBuildPhase;
			buildActionMask = 2147483647;
			files = (
			);
			runOnlyForDeploymentPostprocessing = 0;
		};
/* End PBXSourcesBuildPhase section */

/* Begin PBXTargetDependency section */
		5F6B52732CBAF32B00C9CE52 /* PBXTargetDependency */ = {
			isa = PBXTargetDependency;
			target = 5F6B52602CBAF32900C9CE52 /* RecipeDeck */;
			targetProxy = 5F6B52722CBAF32B00C9CE52 /* PBXContainerItemProxy */;
		};
		5F6B527D2CBAF32B00C9CE52 /* PBXTargetDependency */ = {
			isa = PBXTargetDependency;
			target = 5F6B52602CBAF32900C9CE52 /* RecipeDeck */;
			targetProxy = 5F6B527C2CBAF32B00C9CE52 /* PBXContainerItemProxy */;
		};
/* End PBXTargetDependency section */

/* Begin XCBuildConfiguration section */
		5F6B52832CBAF32B00C9CE52 /* Debug */ = {
			isa = XCBuildConfiguration;
			buildSettings = {
				ALWAYS_SEARCH_USER_PATHS = NO;
				ASSETCATALOG_COMPILER_GENERATE_SWIFT_ASSET_SYMBOL_EXTENSIONS = YES;
				CLANG_ANALYZER_NONNULL = YES;
				CLANG_ANALYZER_NUMBER_OBJECT_CONVERSION = YES_AGGRESSIVE;
				CLANG_CXX_LANGUAGE_STANDARD = "gnu++20";
				CLANG_ENABLE_MODULES = YES;
				CLANG_ENABLE_OBJC_ARC = YES;
				CLANG_ENABLE_OBJC_WEAK = YES;
				CLANG_WARN_BLOCK_CAPTURE_AUTORELEASING = YES;
				CLANG_WARN_BOOL_CONVERSION = YES;
				CLANG_WARN_COMMA = YES;
				CLANG_WARN_CONSTANT_CONVERSION = YES;
				CLANG_WARN_DEPRECATED_OBJC_IMPLEMENTATIONS = YES;
				CLANG_WARN_DIRECT_OBJC_ISA_USAGE = YES_ERROR;
				CLANG_WARN_DOCUMENTATION_COMMENTS = YES;
				CLANG_WARN_EMPTY_BODY = YES;
				CLANG_WARN_ENUM_CONVERSION = YES;
				CLANG_WARN_INFINITE_RECURSION = YES;
				CLANG_WARN_INT_CONVERSION = YES;
				CLANG_WARN_NON_LITERAL_NULL_CONVERSION = YES;
				CLANG_WARN_OBJC_IMPLICIT_RETAIN_SELF = YES;
				CLANG_WARN_OBJC_LITERAL_CONVERSION = YES;
				CLANG_WARN_OBJC_ROOT_CLASS = YES_ERROR;
				CLANG_WARN_QUOTED_INCLUDE_IN_FRAMEWORK_HEADER = YES;
				CLANG_WARN_RANGE_LOOP_ANALYSIS = YES;
				CLANG_WARN_STRICT_PROTOTYPES = YES;
				CLANG_WARN_SUSPICIOUS_MOVE = YES;
				CLANG_WARN_UNGUARDED_AVAILABILITY = YES_AGGRESSIVE;
				CLANG_WARN_UNREACHABLE_CODE = YES;
				CLANG_WARN__DUPLICATE_METHOD_MATCH = YES;
				COPY_PHASE_STRIP = NO;
				DEBUG_INFORMATION_FORMAT = dwarf;
				ENABLE_STRICT_OBJC_MSGSEND = YES;
				ENABLE_TESTABILITY = YES;
				ENABLE_USER_SCRIPT_SANDBOXING = YES;
				GCC_C_LANGUAGE_STANDARD = gnu17;
				GCC_DYNAMIC_NO_PIC = NO;
				GCC_NO_COMMON_BLOCKS = YES;
				GCC_OPTIMIZATION_LEVEL = 0;
				GCC_PREPROCESSOR_DEFINITIONS = (
					"DEBUG=1",
					"$(inherited)",
				);
				GCC_WARN_64_TO_32_BIT_CONVERSION = YES;
				GCC_WARN_ABOUT_RETURN_TYPE = YES_ERROR;
				GCC_WARN_UNDECLARED_SELECTOR = YES;
				GCC_WARN_UNINITIALIZED_AUTOS = YES_AGGRESSIVE;
				GCC_WARN_UNUSED_FUNCTION = YES;
				GCC_WARN_UNUSED_VARIABLE = YES;
				IPHONEOS_DEPLOYMENT_TARGET = 18.0;
				LOCALIZATION_PREFERS_STRING_CATALOGS = YES;
				MTL_ENABLE_DEBUG_INFO = INCLUDE_SOURCE;
				MTL_FAST_MATH = YES;
				ONLY_ACTIVE_ARCH = YES;
				SDKROOT = iphoneos;
				SWIFT_ACTIVE_COMPILATION_CONDITIONS = "DEBUG $(inherited)";
				SWIFT_OPTIMIZATION_LEVEL = "-Onone";
			};
			name = Debug;
		};
		5F6B52842CBAF32B00C9CE52 /* Release */ = {
			isa = XCBuildConfiguration;
			buildSettings = {
				ALWAYS_SEARCH_USER_PATHS = NO;
				ASSETCATALOG_COMPILER_GENERATE_SWIFT_ASSET_SYMBOL_EXTENSIONS = YES;
				CLANG_ANALYZER_NONNULL = YES;
				CLANG_ANALYZER_NUMBER_OBJECT_CONVERSION = YES_AGGRESSIVE;
				CLANG_CXX_LANGUAGE_STANDARD = "gnu++20";
				CLANG_ENABLE_MODULES = YES;
				CLANG_ENABLE_OBJC_ARC = YES;
				CLANG_ENABLE_OBJC_WEAK = YES;
				CLANG_WARN_BLOCK_CAPTURE_AUTORELEASING = YES;
				CLANG_WARN_BOOL_CONVERSION = YES;
				CLANG_WARN_COMMA = YES;
				CLANG_WARN_CONSTANT_CONVERSION = YES;
				CLANG_WARN_DEPRECATED_OBJC_IMPLEMENTATIONS = YES;
				CLANG_WARN_DIRECT_OBJC_ISA_USAGE = YES_ERROR;
				CLANG_WARN_DOCUMENTATION_COMMENTS = YES;
				CLANG_WARN_EMPTY_BODY = YES;
				CLANG_WARN_ENUM_CONVERSION = YES;
				CLANG_WARN_INFINITE_RECURSION = YES;
				CLANG_WARN_INT_CONVERSION = YES;
				CLANG_WARN_NON_LITERAL_NULL_CONVERSION = YES;
				CLANG_WARN_OBJC_IMPLICIT_RETAIN_SELF = YES;
				CLANG_WARN_OBJC_LITERAL_CONVERSION = YES;
				CLANG_WARN_OBJC_ROOT_CLASS = YES_ERROR;
				CLANG_WARN_QUOTED_INCLUDE_IN_FRAMEWORK_HEADER = YES;
				CLANG_WARN_RANGE_LOOP_ANALYSIS = YES;
				CLANG_WARN_STRICT_PROTOTYPES = YES;
				CLANG_WARN_SUSPICIOUS_MOVE = YES;
				CLANG_WARN_UNGUARDED_AVAILABILITY = YES_AGGRESSIVE;
				CLANG_WARN_UNREACHABLE_CODE = YES;
				CLANG_WARN__DUPLICATE_METHOD_MATCH = YES;
				COPY_PHASE_STRIP = NO;
				DEBUG_INFORMATION_FORMAT = "dwarf-with-dsym";
				ENABLE_NS_ASSERTIONS = NO;
				ENABLE_STRICT_OBJC_MSGSEND = YES;
				ENABLE_USER_SCRIPT_SANDBOXING = YES;
				GCC_C_LANGUAGE_STANDARD = gnu17;
				GCC_NO_COMMON_BLOCKS = YES;
				GCC_WARN_64_TO_32_BIT_CONVERSION = YES;
				GCC_WARN_ABOUT_RETURN_TYPE = YES_ERROR;
				GCC_WARN_UNDECLARED_SELECTOR = YES;
				GCC_WARN_UNINITIALIZED_AUTOS = YES_AGGRESSIVE;
				GCC_WARN_UNUSED_FUNCTION = YES;
				GCC_WARN_UNUSED_VARIABLE = YES;
				IPHONEOS_DEPLOYMENT_TARGET = 18.0;
				LOCALIZATION_PREFERS_STRING_CATALOGS = YES;
				MTL_ENABLE_DEBUG_INFO = NO;
				MTL_FAST_MATH = YES;
				SDKROOT = iphoneos;
				SWIFT_COMPILATION_MODE = wholemodule;
				VALIDATE_PRODUCT = YES;
			};
			name = Release;
		};
		5F6B52862CBAF32B00C9CE52 /* Debug */ = {
			isa = XCBuildConfiguration;
			buildSettings = {
				ASSETCATALOG_COMPILER_APPICON_NAME = AppIcon;
				ASSETCATALOG_COMPILER_GLOBAL_ACCENT_COLOR_NAME = AccentColor;
				CODE_SIGN_STYLE = Automatic;
				CURRENT_PROJECT_VERSION = 1;
				DEVELOPMENT_ASSET_PATHS = "\"RecipeDeck/Preview Content\"";
				ENABLE_PREVIEWS = YES;
				GENERATE_INFOPLIST_FILE = YES;
				INFOPLIST_KEY_UIApplicationSceneManifest_Generation = YES;
				INFOPLIST_KEY_UIApplicationSupportsIndirectInputEvents = YES;
				INFOPLIST_KEY_UILaunchScreen_Generation = YES;
				INFOPLIST_KEY_UISupportedInterfaceOrientations_iPad = "UIInterfaceOrientationPortrait UIInterfaceOrientationPortraitUpsideDown UIInterfaceOrientationLandscapeLeft UIInterfaceOrientationLandscapeRight";
				INFOPLIST_KEY_UISupportedInterfaceOrientations_iPhone = "UIInterfaceOrientationPortrait UIInterfaceOrientationLandscapeLeft UIInterfaceOrientationLandscapeRight";
				LD_RUNPATH_SEARCH_PATHS = (
					"$(inherited)",
					"@executable_path/Frameworks",
				);
				MARKETING_VERSION = 1.0;
				PRODUCT_BUNDLE_IDENTIFIER = "leaneaffield-gmail.com.RecipeDeck";
				PRODUCT_NAME = "$(TARGET_NAME)";
				SWIFT_EMIT_LOC_STRINGS = YES;
				SWIFT_VERSION = 5.0;
				TARGETED_DEVICE_FAMILY = "1,2";
			};
			name = Debug;
		};
		5F6B52872CBAF32B00C9CE52 /* Release */ = {
			isa = XCBuildConfiguration;
			buildSettings = {
				ASSETCATALOG_COMPILER_APPICON_NAME = AppIcon;
				ASSETCATALOG_COMPILER_GLOBAL_ACCENT_COLOR_NAME = AccentColor;
				CODE_SIGN_STYLE = Automatic;
				CURRENT_PROJECT_VERSION = 1;
				DEVELOPMENT_ASSET_PATHS = "\"RecipeDeck/Preview Content\"";
				ENABLE_PREVIEWS = YES;
				GENERATE_INFOPLIST_FILE = YES;
				INFOPLIST_KEY_UIApplicationSceneManifest_Generation = YES;
				INFOPLIST_KEY_UIApplicationSupportsIndirectInputEvents = YES;
				INFOPLIST_KEY_UILaunchScreen_Generation = YES;
				INFOPLIST_KEY_UISupportedInterfaceOrientations_iPad = "UIInterfaceOrientationPortrait UIInterfaceOrientationPortraitUpsideDown UIInterfaceOrientationLandscapeLeft UIInterfaceOrientationLandscapeRight";
				INFOPLIST_KEY_UISupportedInterfaceOrientations_iPhone = "UIInterfaceOrientationPortrait UIInterfaceOrientationLandscapeLeft UIInterfaceOrientationLandscapeRight";
				LD_RUNPATH_SEARCH_PATHS = (
					"$(inherited)",
					"@executable_path/Frameworks",
				);
				MARKETING_VERSION = 1.0;
				PRODUCT_BUNDLE_IDENTIFIER = "leaneaffield-gmail.com.RecipeDeck";
				PRODUCT_NAME = "$(TARGET_NAME)";
				SWIFT_EMIT_LOC_STRINGS = YES;
				SWIFT_VERSION = 5.0;
				TARGETED_DEVICE_FAMILY = "1,2";
			};
			name = Release;
		};
		5F6B52892CBAF32B00C9CE52 /* Debug */ = {
			isa = XCBuildConfiguration;
			buildSettings = {
				BUNDLE_LOADER = "$(TEST_HOST)";
				CODE_SIGN_STYLE = Automatic;
				CURRENT_PROJECT_VERSION = 1;
				GENERATE_INFOPLIST_FILE = YES;
				IPHONEOS_DEPLOYMENT_TARGET = 18.0;
				MARKETING_VERSION = 1.0;
				PRODUCT_BUNDLE_IDENTIFIER = "leaneaffield-gmail.com.RecipeDeckTests";
				PRODUCT_NAME = "$(TARGET_NAME)";
				SWIFT_EMIT_LOC_STRINGS = NO;
				SWIFT_VERSION = 5.0;
				TARGETED_DEVICE_FAMILY = "1,2";
				TEST_HOST = "$(BUILT_PRODUCTS_DIR)/RecipeDeck.app/$(BUNDLE_EXECUTABLE_FOLDER_PATH)/RecipeDeck";
			};
			name = Debug;
		};
		5F6B528A2CBAF32B00C9CE52 /* Release */ = {
			isa = XCBuildConfiguration;
			buildSettings = {
				BUNDLE_LOADER = "$(TEST_HOST)";
				CODE_SIGN_STYLE = Automatic;
				CURRENT_PROJECT_VERSION = 1;
				GENERATE_INFOPLIST_FILE = YES;
				IPHONEOS_DEPLOYMENT_TARGET = 18.0;
				MARKETING_VERSION = 1.0;
				PRODUCT_BUNDLE_IDENTIFIER = "leaneaffield-gmail.com.RecipeDeckTests";
				PRODUCT_NAME = "$(TARGET_NAME)";
				SWIFT_EMIT_LOC_STRINGS = NO;
				SWIFT_VERSION = 5.0;
				TARGETED_DEVICE_FAMILY = "1,2";
				TEST_HOST = "$(BUILT_PRODUCTS_DIR)/RecipeDeck.app/$(BUNDLE_EXECUTABLE_FOLDER_PATH)/RecipeDeck";
			};
			name = Release;
		};
		5F6B528C2CBAF32B00C9CE52 /* Debug */ = {
			isa = XCBuildConfiguration;
			buildSettings = {
				CODE_SIGN_STYLE = Automatic;
				CURRENT_PROJECT_VERSION = 1;
				GENERATE_INFOPLIST_FILE = YES;
				MARKETING_VERSION = 1.0;
				PRODUCT_BUNDLE_IDENTIFIER = "leaneaffield-gmail.com.RecipeDeckUITests";
				PRODUCT_NAME = "$(TARGET_NAME)";
				SWIFT_EMIT_LOC_STRINGS = NO;
				SWIFT_VERSION = 5.0;
				TARGETED_DEVICE_FAMILY = "1,2";
				TEST_TARGET_NAME = RecipeDeck;
			};
			name = Debug;
		};
		5F6B528D2CBAF32B00C9CE52 /* Release */ = {
			isa = XCBuildConfiguration;
			buildSettings = {
				CODE_SIGN_STYLE = Automatic;
				CURRENT_PROJECT_VERSION = 1;
				GENERATE_INFOPLIST_FILE = YES;
				MARKETING_VERSION = 1.0;
				PRODUCT_BUNDLE_IDENTIFIER = "leaneaffield-gmail.com.RecipeDeckUITests";
				PRODUCT_NAME = "$(TARGET_NAME)";
				SWIFT_EMIT_LOC_STRINGS = NO;
				SWIFT_VERSION = 5.0;
				TARGETED_DEVICE_FAMILY = "1,2";
				TEST_TARGET_NAME = RecipeDeck;
			};
			name = Release;
		};
/* End XCBuildConfiguration section */

/* Begin XCConfigurationList section */
		5F6B525C2CBAF32900C9CE52 /* Build configuration list for PBXProject "RecipeDeck" */ = {
			isa = XCConfigurationList;
			buildConfigurations = (
				5F6B52832CBAF32B00C9CE52 /* Debug */,
				5F6B52842CBAF32B00C9CE52 /* Release */,
			);
			defaultConfigurationIsVisible = 0;
			defaultConfigurationName = Release;
		};
		5F6B52852CBAF32B00C9CE52 /* Build configuration list for PBXNativeTarget "RecipeDeck" */ = {
			isa = XCConfigurationList;
			buildConfigurations = (
				5F6B52862CBAF32B00C9CE52 /* Debug */,
				5F6B52872CBAF32B00C9CE52 /* Release */,
			);
			defaultConfigurationIsVisible = 0;
			defaultConfigurationName = Release;
		};
		5F6B52882CBAF32B00C9CE52 /* Build configuration list for PBXNativeTarget "RecipeDeckTests" */ = {
			isa = XCConfigurationList;
			buildConfigurations = (
				5F6B52892CBAF32B00C9CE52 /* Debug */,
				5F6B528A2CBAF32B00C9CE52 /* Release */,
			);
			defaultConfigurationIsVisible = 0;
			defaultConfigurationName = Release;
		};
		5F6B528B2CBAF32B00C9CE52 /* Build configuration list for PBXNativeTarget "RecipeDeckUITests" */ = {
			isa = XCConfigurationList;
			buildConfigurations = (
				5F6B528C2CBAF32B00C9CE52 /* Debug */,
				5F6B528D2CBAF32B00C9CE52 /* Release */,
			);
			defaultConfigurationIsVisible = 0;
			defaultConfigurationName = Release;
		};
/* End XCConfigurationList section */

/* Begin XCRemoteSwiftPackageReference section */
		5FB4646D2CE2A5B600107218 /* XCRemoteSwiftPackageReference "firebase-ios-sdk" */ = {
			isa = XCRemoteSwiftPackageReference;
			repositoryURL = "https://github.com/firebase/firebase-ios-sdk";
			requirement = {
				kind = upToNextMajorVersion;
				minimumVersion = 11.4.0;
			};
		};
/* End XCRemoteSwiftPackageReference section */

/* Begin XCSwiftPackageProductDependency section */
		5F4E90162CEEFF8A005FED5A /* FirebaseFirestore */ = {
			isa = XCSwiftPackageProductDependency;
			package = 5FB4646D2CE2A5B600107218 /* XCRemoteSwiftPackageReference "firebase-ios-sdk" */;
			productName = FirebaseFirestore;
		};
		5F61C9BD2CE6A87B005C8A32 /* FirebaseAuth */ = {
			isa = XCSwiftPackageProductDependency;
			package = 5FB4646D2CE2A5B600107218 /* XCRemoteSwiftPackageReference "firebase-ios-sdk" */;
			productName = FirebaseAuth;
		};
		5FB4646E2CE2A5B600107218 /* FirebaseAnalytics */ = {
			isa = XCSwiftPackageProductDependency;
			package = 5FB4646D2CE2A5B600107218 /* XCRemoteSwiftPackageReference "firebase-ios-sdk" */;
			productName = FirebaseAnalytics;
		};
/* End XCSwiftPackageProductDependency section */
	};
	rootObject = 5F6B52592CBAF32900C9CE52 /* Project object */;
}
